<?xml version="1.0" encoding="utf-8"?>
<Project ToolsVersion="16.0" xmlns="http://schemas.microsoft.com/developer/msbuild/2003">
  <ItemGroup>
    <ClCompile Include="C:\OpenGEC\src\main.cpp">
      <Filter>Source Files</Filter>
    </ClCompile>
    <ClCompile Include="C:\OpenGEC\src\OpenGEC\glad\glad.c">
      <Filter>Source Files</Filter>
    </ClCompile>
    <ClCompile Include="C:\OpenGEC\src\OpenGEC\imgui.cpp">
      <Filter>Source Files</Filter>
    </ClCompile>
    <ClCompile Include="C:\OpenGEC\src\OpenGEC\imgui_demo.cpp">
      <Filter>Source Files</Filter>
    </ClCompile>
    <ClCompile Include="C:\OpenGEC\src\OpenGEC\imgui_draw.cpp">
      <Filter>Source Files</Filter>
    </ClCompile>
    <ClCompile Include="C:\OpenGEC\src\OpenGEC\imgui_impl_glfw.cpp">
      <Filter>Source Files</Filter>
    </ClCompile>
    <ClCompile Include="C:\OpenGEC\src\OpenGEC\imgui_impl_opengl3.cpp">
      <Filter>Source Files</Filter>
    </ClCompile>
    <ClCompile Include="C:\OpenGEC\src\OpenGEC\imgui_widgets.cpp">
      <Filter>Source Files</Filter>
    </ClCompile>
  </ItemGroup>
  <ItemGroup>
    <ClInclude Include="C:\OpenGEC\src\OpenGEC.h">
      <Filter>Header Files</Filter>
    </ClInclude>
    <ClInclude Include="C:\OpenGEC\src\OpenGEC\glad\glad.h">
      <Filter>Header Files</Filter>
    </ClInclude>
    <ClInclude Include="C:\OpenGEC\src\OpenGEC\KHR\khrplatform.h">
      <Filter>Header Files</Filter>
    </ClInclude>
    <ClInclude Include="C:\OpenGEC\src\OpenGEC\sol\sol.hpp">
      <Filter>Header Files</Filter>
    </ClInclude>
    <ClInclude Include="C:\OpenGEC\src\OpenGEC\sol\forward.hpp">
      <Filter>Header Files</Filter>
    </ClInclude>
    <ClInclude Include="C:\OpenGEC\src\OpenGEC\Application.h">
      <Filter>Header Files</Filter>
    </ClInclude>
    <ClInclude Include="C:\OpenGEC\src\OpenGEC\Audio.h">
      <Filter>Header Files</Filter>
    </ClInclude>
    <ClInclude Include="C:\OpenGEC\src\OpenGEC\Entrypoint.h">
      <Filter>Header Files</Filter>
    </ClInclude>
    <ClInclude Include="C:\OpenGEC\src\OpenGEC\imconfig.h">
      <Filter>Header Files</Filter>
    </ClInclude>
    <ClInclude Include="C:\OpenGEC\src\OpenGEC\imgui.h">
      <Filter>Header Files</Filter>
    </ClInclude>
    <ClInclude Include="C:\OpenGEC\src\OpenGEC\imgui_impl_glfw.h">
      <Filter>Header Files</Filter>
    </ClInclude>
    <ClInclude Include="C:\OpenGEC\src\OpenGEC\imgui_impl_opengl3.h">
      <Filter>Header Files</Filter>
    </ClInclude>
    <ClInclude Include="C:\OpenGEC\src\OpenGEC\imgui_internal.h">
      <Filter>Header Files</Filter>
    </ClInclude>
    <ClInclude Include="C:\OpenGEC\src\OpenGEC\imstb_rectpack.h">
      <Filter>Header Files</Filter>
    </ClInclude>
    <ClInclude Include="C:\OpenGEC\src\OpenGEC\imstb_textedit.h">
      <Filter>Header Files</Filter>
    </ClInclude>
    <ClInclude Include="C:\OpenGEC\src\OpenGEC\imstb_truetype.h">
      <Filter>Header Files</Filter>
    </ClInclude>
    <ClInclude Include="C:\OpenGEC\src\OpenGEC\Opengl.h">
      <Filter>Header Files</Filter>
    </ClInclude>
    <ClInclude Include="C:\OpenGEC\src\OpenGEC\Serialization.h">
      <Filter>Header Files</Filter>
    </ClInclude>
    <ClInclude Include="C:\OpenGEC\src\OpenGEC\Shader.h">
      <Filter>Header Files</Filter>
    </ClInclude>
    <ClInclude Include="C:\OpenGEC\src\OpenGEC\stb_image.h">
      <Filter>Header Files</Filter>
    </ClInclude>
    <ClInclude Include="C:\OpenGEC\src\OpenGEC\Texture.h">
      <Filter>Header Files</Filter>
    </ClInclude>
  </ItemGroup>
  <ItemGroup>
    <CustomBuild Include="C:\OpenGEC\CMakeLists.txt" />
  </ItemGroup>
  <ItemGroup>
    <Filter Include="Header Files">
      <UniqueIdentifier>{3CA90FC6-AB36-3339-B5AF-3BA8838AB505}</UniqueIdentifier>
    </Filter>
    <Filter Include="Source Files">
      <UniqueIdentifier>{B01C9AEB-CFD0-32E4-B92F-BF5EDD1EE873}</UniqueIdentifier>
    </Filter>
  </ItemGroup>
</Project>
