<?xml version="1.0" encoding="utf-8"?>
<Project ToolsVersion="16.0" xmlns="http://schemas.microsoft.com/developer/msbuild/2003">
  <ItemGroup>
    <CustomBuild Include="C:\OpenGEC\CMakeFiles\9039a022b125dd6a60d5f1684657a991\generate.stamp.rule">
      <Filter>CMake Rules</Filter>
    </CustomBuild>
  </ItemGroup>
  <ItemGroup>
    <Filter Include="CMake Rules">
      <UniqueIdentifier>{2AD48DBA-B9B8-3E8A-B526-418B10C15281}</UniqueIdentifier>
    </Filter>
  </ItemGroup>
</Project>
